
Microsoft Visual Studio Solution File, Format Version 12.00
# Visual Studio Version 16
VisualStudioVersion = 16.0.31019.35
MinimumVisualStudioVersion = 10.0.40219.1
Project("{F184B08F-C81C-45F6-A57F-5ABD9991F28F}") = "Laundry", "Laundry\Laundry.vbproj", "{4D941667-2B10-429E-9D39-0270A5127316}"
EndProject
Global
	GlobalSection(SolutionConfigurationPlatforms) = preSolution
		Debug|Any CPU = Debug|Any CPU
		Release|Any CPU = Release|Any CPU
	EndGlobalSection
	GlobalSection(ProjectConfigurationPlatforms) = postSolution
		{4D941667-2B10-429E-9D39-0270A5127316}.Debug|Any CPU.ActiveCfg = Debug|Any CPU
		{4D941667-2B10-429E-9D39-0270A5127316}.Debug|Any CPU.Build.0 = Debug|Any CPU
		{4D941667-2B10-429E-9D39-0270A5127316}.Release|Any CPU.ActiveCfg = Release|Any CPU
		{4D941667-2B10-429E-9D39-0270A5127316}.Release|Any CPU.Build.0 = Release|Any CPU
	EndGlobalSection
	GlobalSection(SolutionProperties) = preSolution
		HideSolutionNode = FALSE
	EndGlobalSection
	GlobalSection(ExtensibilityGlobals) = postSolution
		SolutionGuid = {7FD47BE2-A7B2-4F7A-B078-27ACD0C03F9A}
	EndGlobalSection
EndGlobal
